{
  "name": "nodemailer-tutorial",
  "version": "1.0.0",
  "lockfileVersion": 1,
  "requires": true,
  "dependencies": {
    "nodemailer": {
      "version": "6.7.1",
      "resolved": "https://registry.npmjs.org/nodemailer/-/nodemailer-6.7.1.tgz",
      "integrity": "sha512-E1C8G3rnXrGjznwGP1k+OrW5k4rl0XtqTEB19f7vtJAMYwfxZVSsAu2iY5xJkrZsbVYr6PwwAwRmFlakPoFC0A=="
    }
  }
}
